{
  "name": "mobile-app",
  "lockfileVersion": 3,
  "requires": true,
  "packages": {
    "": {
      "dependencies": {
        "react-native-maps": "^1.29.0"
      }
    },
    "node_modules/@types/geojson": {
      "version": "7946.0.16",
      "resolved": "https://registry.npmjs.org/@types/geojson/-/geojson-7946.0.16.tgz",
      "integrity": "sha512-6C8nqWur3j98U6+lXDfTUWIfgvZU+EumvpHKcYjujKH7woYyLj2sUmff0tRhrqM7BohUw7Pz3ZB1jj2gW9Fvmg==",
      "license": "MIT"
    },
    "node_modules/react-native-maps": {
      "version": "1.29.0",
      "resolved": "https://registry.npmjs.org/react-native-maps/-/react-native-maps-1.29.0.tgz",
      "integrity": "sha512-tXyYyyeZgiThHQvr/d22V7MMOxUfxdkXujFkGEuGP6FwBvVew/QmTS8VNiPbPce95uBIqE/SaOjai3Zwndpadg==",
      "license": "MIT",
      "dependencies": {
        "@types/geojson": "^7946.0.13"
      },
      "engines": {
        "node": ">= 20.19.4"
      },
      "peerDependencies": {
        "react": ">= 18.3.1",
        "react-native": ">= 0.76.0",
        "react-native-web": ">= 0.11"
      },
      "peerDependenciesMeta": {
        "react-native-web": {
          "optional": true
        }
      }
    }
  }
}
